
Microsoft Visual Studio Solution File, Format Version 12.00
# Visual Studio Version 16
VisualStudioVersion = 16.0.31019.35
MinimumVisualStudioVersion = 10.0.40219.1
Project("{FAE04EC0-301F-11D3-BF4B-00C04F79EFBC}") = "QL_thu_vien", "QL_thu_vien\QL_thu_vien.csproj", "{881BDCFA-9459-445F-8AB9-44817A3C9181}"
EndProject
Project("{FAE04EC0-301F-11D3-BF4B-00C04F79EFBC}") = "Model", "Model\Model.csproj", "{3B8CF9FC-197C-4BBB-914D-26FE4A813BAE}"
EndProject
Project("{FAE04EC0-301F-11D3-BF4B-00C04F79EFBC}") = "Bus", "Bus\Bus.csproj", "{3D69110F-328D-4BDD-8BDC-DD6769DF32D5}"
EndProject
Global
	GlobalSection(SolutionConfigurationPlatforms) = preSolution
		Debug|Any CPU = Debug|Any CPU
		Release|Any CPU = Release|Any CPU
	EndGlobalSection
	GlobalSection(ProjectConfigurationPlatforms) = postSolution
		{881BDCFA-9459-445F-8AB9-44817A3C9181}.Debug|Any CPU.ActiveCfg = Debug|Any CPU
		{881BDCFA-9459-445F-8AB9-44817A3C9181}.Debug|Any CPU.Build.0 = Debug|Any CPU
		{881BDCFA-9459-445F-8AB9-44817A3C9181}.Release|Any CPU.ActiveCfg = Release|Any CPU
		{881BDCFA-9459-445F-8AB9-44817A3C9181}.Release|Any CPU.Build.0 = Release|Any CPU
		{3B8CF9FC-197C-4BBB-914D-26FE4A813BAE}.Debug|Any CPU.ActiveCfg = Debug|Any CPU
		{3B8CF9FC-197C-4BBB-914D-26FE4A813BAE}.Debug|Any CPU.Build.0 = Debug|Any CPU
		{3B8CF9FC-197C-4BBB-914D-26FE4A813BAE}.Release|Any CPU.ActiveCfg = Release|Any CPU
		{3B8CF9FC-197C-4BBB-914D-26FE4A813BAE}.Release|Any CPU.Build.0 = Release|Any CPU
		{3D69110F-328D-4BDD-8BDC-DD6769DF32D5}.Debug|Any CPU.ActiveCfg = Debug|Any CPU
		{3D69110F-328D-4BDD-8BDC-DD6769DF32D5}.Debug|Any CPU.Build.0 = Debug|Any CPU
		{3D69110F-328D-4BDD-8BDC-DD6769DF32D5}.Release|Any CPU.ActiveCfg = Release|Any CPU
		{3D69110F-328D-4BDD-8BDC-DD6769DF32D5}.Release|Any CPU.Build.0 = Release|Any CPU
	EndGlobalSection
	GlobalSection(SolutionProperties) = preSolution
		HideSolutionNode = FALSE
	EndGlobalSection
	GlobalSection(ExtensibilityGlobals) = postSolution
		SolutionGuid = {9220D355-E194-463D-B6B0-C69A980494B4}
	EndGlobalSection
EndGlobal
